
Microsoft Visual Studio Solution File, Format Version 12.00
# Visual Studio Version 17
VisualStudioVersion = 17.6.33712.159
MinimumVisualStudioVersion = 10.0.40219.1
Project("{FAE04EC0-301F-11D3-BF4B-00C04F79EFBC}") = "AsyncProcessing", "AsyncProcessing\AsyncProcessing.csproj", "{D933BF86-3C31-4797-8A70-F355AA17588A}"
EndProject
Project("{FAE04EC0-301F-11D3-BF4B-00C04F79EFBC}") = "SumEvensInRange", "SumEvensInRange\SumEvensInRange.csproj", "{E3F1B72B-C149-4444-A016-1C1DEE721E8B}"
EndProject
Project("{FAE04EC0-301F-11D3-BF4B-00C04F79EFBC}") = "SumEvensInBackground", "SumEvensInBackground\SumEvensInBackground.csproj", "{3580AE19-5A7B-424F-9942-3AC65B61365C}"
EndProject
Global
	GlobalSection(SolutionConfigurationPlatforms) = preSolution
		Debug|Any CPU = Debug|Any CPU
		Release|Any CPU = Release|Any CPU
	EndGlobalSection
	GlobalSection(ProjectConfigurationPlatforms) = postSolution
		{D933BF86-3C31-4797-8A70-F355AA17588A}.Debug|Any CPU.ActiveCfg = Debug|Any CPU
		{D933BF86-3C31-4797-8A70-F355AA17588A}.Debug|Any CPU.Build.0 = Debug|Any CPU
		{D933BF86-3C31-4797-8A70-F355AA17588A}.Release|Any CPU.ActiveCfg = Release|Any CPU
		{D933BF86-3C31-4797-8A70-F355AA17588A}.Release|Any CPU.Build.0 = Release|Any CPU
		{E3F1B72B-C149-4444-A016-1C1DEE721E8B}.Debug|Any CPU.ActiveCfg = Debug|Any CPU
		{E3F1B72B-C149-4444-A016-1C1DEE721E8B}.Debug|Any CPU.Build.0 = Debug|Any CPU
		{E3F1B72B-C149-4444-A016-1C1DEE721E8B}.Release|Any CPU.ActiveCfg = Release|Any CPU
		{E3F1B72B-C149-4444-A016-1C1DEE721E8B}.Release|Any CPU.Build.0 = Release|Any CPU
		{3580AE19-5A7B-424F-9942-3AC65B61365C}.Debug|Any CPU.ActiveCfg = Debug|Any CPU
		{3580AE19-5A7B-424F-9942-3AC65B61365C}.Debug|Any CPU.Build.0 = Debug|Any CPU
		{3580AE19-5A7B-424F-9942-3AC65B61365C}.Release|Any CPU.ActiveCfg = Release|Any CPU
		{3580AE19-5A7B-424F-9942-3AC65B61365C}.Release|Any CPU.Build.0 = Release|Any CPU
	EndGlobalSection
	GlobalSection(SolutionProperties) = preSolution
		HideSolutionNode = FALSE
	EndGlobalSection
	GlobalSection(ExtensibilityGlobals) = postSolution
		SolutionGuid = {076AA3C3-4611-4100-8748-54A31426232E}
	EndGlobalSection
EndGlobal
